
Microsoft Visual Studio Solution File, Format Version 12.00
# Visual Studio 2013
Project("{FAE04EC0-301F-11D3-BF4B-00C04F79EFBC}") = "MarketCustomer.CSharp", "MarketCustomer.CSharp.csproj", "{F11E1EBC-46AA-F704-6AB0-400510F6946C}"
EndProject
Global
	GlobalSection(SolutionConfigurationPlatforms) = preSolution
		Debug|Any CPU = Debug|Any CPU
		Release|Any CPU = Release|Any CPU
	EndGlobalSection
	GlobalSection(ProjectConfigurationPlatforms) = postSolution
		{F11E1EBC-46AA-F704-6AB0-400510F6946C}.Debug|Any CPU.ActiveCfg = Debug|Any CPU
		{F11E1EBC-46AA-F704-6AB0-400510F6946C}.Debug|Any CPU.Build.0 = Debug|Any CPU
		{F11E1EBC-46AA-F704-6AB0-400510F6946C}.Release|Any CPU.ActiveCfg = Release|Any CPU
		{F11E1EBC-46AA-F704-6AB0-400510F6946C}.Release|Any CPU.Build.0 = Release|Any CPU
	EndGlobalSection
	GlobalSection(SolutionProperties) = preSolution
		HideSolutionNode = FALSE
	EndGlobalSection
EndGlobal
